
Microsoft Visual Studio Solution File, Format Version 12.00
# Visual Studio Version 17
VisualStudioVersion = 17.0.31903.59
MinimumVisualStudioVersion = 10.0.40219.1
Project("{FAE04EC0-301F-11D3-BF4B-00C04F79EFBC}") = "Guacamole.API", "Guacamole.API\Guacamole.API.csproj", "{57801832-3992-4753-9C49-B41034D707BC}"
EndProject
Project("{FAE04EC0-301F-11D3-BF4B-00C04F79EFBC}") = "Guacamole.Models", "Guacamole.Models\Guacamole.Models.csproj", "{C7AA6469-E6B0-4C20-A73D-6452730AAD4A}"
EndProject
Project("{2150E333-8FDC-42A3-9474-1A3956D46DE8}") = "source", "source", "{C88CF9B4-7F3D-4BD6-9FA7-624D6600B373}"
EndProject
Global
	GlobalSection(SolutionConfigurationPlatforms) = preSolution
		Debug|Any CPU = Debug|Any CPU
		Release|Any CPU = Release|Any CPU
	EndGlobalSection
	GlobalSection(SolutionProperties) = preSolution
		HideSolutionNode = FALSE
	EndGlobalSection
	GlobalSection(ProjectConfigurationPlatforms) = postSolution
		{57801832-3992-4753-9C49-B41034D707BC}.Debug|Any CPU.ActiveCfg = Debug|Any CPU
		{57801832-3992-4753-9C49-B41034D707BC}.Debug|Any CPU.Build.0 = Debug|Any CPU
		{57801832-3992-4753-9C49-B41034D707BC}.Release|Any CPU.ActiveCfg = Release|Any CPU
		{57801832-3992-4753-9C49-B41034D707BC}.Release|Any CPU.Build.0 = Release|Any CPU
		{C7AA6469-E6B0-4C20-A73D-6452730AAD4A}.Debug|Any CPU.ActiveCfg = Debug|Any CPU
		{C7AA6469-E6B0-4C20-A73D-6452730AAD4A}.Debug|Any CPU.Build.0 = Debug|Any CPU
		{C7AA6469-E6B0-4C20-A73D-6452730AAD4A}.Release|Any CPU.ActiveCfg = Release|Any CPU
		{C7AA6469-E6B0-4C20-A73D-6452730AAD4A}.Release|Any CPU.Build.0 = Release|Any CPU
	EndGlobalSection
	GlobalSection(NestedProjects) = preSolution
		{57801832-3992-4753-9C49-B41034D707BC} = {C88CF9B4-7F3D-4BD6-9FA7-624D6600B373}
		{C7AA6469-E6B0-4C20-A73D-6452730AAD4A} = {C88CF9B4-7F3D-4BD6-9FA7-624D6600B373}
	EndGlobalSection
EndGlobal
